
Microsoft Visual Studio Solution File, Format Version 12.00
# Visual Studio 2012
Project("{FAE04EC0-301F-11D3-BF4B-00C04F79EFBC}") = "appOne", "appOne\appOne.csproj", "{F47C9B48-FCE0-4C15-8E9A-8EB70EB110EB}"
EndProject
Global
	GlobalSection(SolutionConfigurationPlatforms) = preSolution
		Debug|Any CPU = Debug|Any CPU
		Release|Any CPU = Release|Any CPU
	EndGlobalSection
	GlobalSection(ProjectConfigurationPlatforms) = postSolution
		{F47C9B48-FCE0-4C15-8E9A-8EB70EB110EB}.Debug|Any CPU.ActiveCfg = Debug|Any CPU
		{F47C9B48-FCE0-4C15-8E9A-8EB70EB110EB}.Debug|Any CPU.Build.0 = Debug|Any CPU
		{F47C9B48-FCE0-4C15-8E9A-8EB70EB110EB}.Release|Any CPU.ActiveCfg = Release|Any CPU
		{F47C9B48-FCE0-4C15-8E9A-8EB70EB110EB}.Release|Any CPU.Build.0 = Release|Any CPU
	EndGlobalSection
	GlobalSection(SolutionProperties) = preSolution
		HideSolutionNode = FALSE
	EndGlobalSection
EndGlobal
